
Microsoft Visual Studio Solution File, Format Version 12.00
# Visual Studio 15
VisualStudioVersion = 15.0.26430.6
MinimumVisualStudioVersion = 10.0.40219.1
Project("{FAE04EC0-301F-11D3-BF4B-00C04F79EFBC}") = "DropBoxDuplicate.Api", "DropBoxDuplicate.Api\DropBoxDuplicate.Api.csproj", "{8758CF9C-C5A6-484F-AE6F-D71ADCCCFD7C}"
EndProject
Project("{FAE04EC0-301F-11D3-BF4B-00C04F79EFBC}") = "DropBoxDuplicate.DataAccess", "DropBoxDuplicate.DataAccess\DropBoxDuplicate.DataAccess.csproj", "{C639BEB7-65DB-49AA-9925-86E6B30D5783}"
EndProject
Project("{FAE04EC0-301F-11D3-BF4B-00C04F79EFBC}") = "DropBoxDuplicate.DataAccess.Sql", "DropBoxDuplicate.DataAccess.Sql\DropBoxDuplicate.DataAccess.Sql.csproj", "{904F7E3A-DF1C-455E-ADCD-553D98A2C809}"
EndProject
Project("{FAE04EC0-301F-11D3-BF4B-00C04F79EFBC}") = "DropBoxDuplicate.Model", "DropBoxDuplicate.Model\DropBoxDuplicate.Model.csproj", "{CD65BF34-0C67-47CF-B97C-A70014867B0F}"
EndProject
Project("{FAE04EC0-301F-11D3-BF4B-00C04F79EFBC}") = "DropBoxDuplicate.DataAccess.Sql.Tests", "DropBoxDuplicate.DataAccess.Sql.Tests\DropBoxDuplicate.DataAccess.Sql.Tests.csproj", "{404CED92-B40F-4113-9BDC-24F06E2E5ED4}"
EndProject
Project("{FAE04EC0-301F-11D3-BF4B-00C04F79EFBC}") = "DropBoxDuplicate.Log", "DropBoxDuplicate.Log\DropBoxDuplicate.Log.csproj", "{6A399D17-9EF4-480A-A315-7273CC521CAD}"
EndProject
Global
	GlobalSection(SolutionConfigurationPlatforms) = preSolution
		Debug|Any CPU = Debug|Any CPU
		Release|Any CPU = Release|Any CPU
	EndGlobalSection
	GlobalSection(ProjectConfigurationPlatforms) = postSolution
		{8758CF9C-C5A6-484F-AE6F-D71ADCCCFD7C}.Debug|Any CPU.ActiveCfg = Debug|Any CPU
		{8758CF9C-C5A6-484F-AE6F-D71ADCCCFD7C}.Debug|Any CPU.Build.0 = Debug|Any CPU
		{8758CF9C-C5A6-484F-AE6F-D71ADCCCFD7C}.Release|Any CPU.ActiveCfg = Release|Any CPU
		{8758CF9C-C5A6-484F-AE6F-D71ADCCCFD7C}.Release|Any CPU.Build.0 = Release|Any CPU
		{C639BEB7-65DB-49AA-9925-86E6B30D5783}.Debug|Any CPU.ActiveCfg = Debug|Any CPU
		{C639BEB7-65DB-49AA-9925-86E6B30D5783}.Debug|Any CPU.Build.0 = Debug|Any CPU
		{C639BEB7-65DB-49AA-9925-86E6B30D5783}.Release|Any CPU.ActiveCfg = Release|Any CPU
		{C639BEB7-65DB-49AA-9925-86E6B30D5783}.Release|Any CPU.Build.0 = Release|Any CPU
		{904F7E3A-DF1C-455E-ADCD-553D98A2C809}.Debug|Any CPU.ActiveCfg = Debug|Any CPU
		{904F7E3A-DF1C-455E-ADCD-553D98A2C809}.Debug|Any CPU.Build.0 = Debug|Any CPU
		{904F7E3A-DF1C-455E-ADCD-553D98A2C809}.Release|Any CPU.ActiveCfg = Release|Any CPU
		{904F7E3A-DF1C-455E-ADCD-553D98A2C809}.Release|Any CPU.Build.0 = Release|Any CPU
		{CD65BF34-0C67-47CF-B97C-A70014867B0F}.Debug|Any CPU.ActiveCfg = Debug|Any CPU
		{CD65BF34-0C67-47CF-B97C-A70014867B0F}.Debug|Any CPU.Build.0 = Debug|Any CPU
		{CD65BF34-0C67-47CF-B97C-A70014867B0F}.Release|Any CPU.ActiveCfg = Release|Any CPU
		{CD65BF34-0C67-47CF-B97C-A70014867B0F}.Release|Any CPU.Build.0 = Release|Any CPU
		{404CED92-B40F-4113-9BDC-24F06E2E5ED4}.Debug|Any CPU.ActiveCfg = Debug|Any CPU
		{404CED92-B40F-4113-9BDC-24F06E2E5ED4}.Debug|Any CPU.Build.0 = Debug|Any CPU
		{404CED92-B40F-4113-9BDC-24F06E2E5ED4}.Release|Any CPU.ActiveCfg = Release|Any CPU
		{404CED92-B40F-4113-9BDC-24F06E2E5ED4}.Release|Any CPU.Build.0 = Release|Any CPU
		{6A399D17-9EF4-480A-A315-7273CC521CAD}.Debug|Any CPU.ActiveCfg = Debug|Any CPU
		{6A399D17-9EF4-480A-A315-7273CC521CAD}.Debug|Any CPU.Build.0 = Debug|Any CPU
		{6A399D17-9EF4-480A-A315-7273CC521CAD}.Release|Any CPU.ActiveCfg = Release|Any CPU
		{6A399D17-9EF4-480A-A315-7273CC521CAD}.Release|Any CPU.Build.0 = Release|Any CPU
	EndGlobalSection
	GlobalSection(SolutionProperties) = preSolution
		HideSolutionNode = FALSE
	EndGlobalSection
EndGlobal
